// !$*UTF8*$!
{
	archiveVersion = 1;
	classes = {
	};
	objectVersion = 46;
	objects = {

/* Begin PBXBuildFile section */
		8E02E2E819B2C4FF0008CFE1 /* SBCollectionViewCell.m in Sources */ = {isa = PBXBuildFile; fileRef = 8E02E2E719B2C4FF0008CFE1 /* SBCollectionViewCell.m */; };
		8E02E2EC19B2D00E0008CFE1 /* original.jpg in Resources */ = {isa = PBXBuildFile; fileRef = 8E02E2E919B2D00E0008CFE1 /* original.jpg */; };
		8E02E2EE19B2D00E0008CFE1 /* headshot1.png in Resources */ = {isa = PBXBuildFile; fileRef = 8E02E2EB19B2D00E0008CFE1 /* headshot1.png */; };
		8E02E2F019B2D6060008CFE1 /* headshot2.png in Resources */ = {isa = PBXBuildFile; fileRef = 8E02E2EF19B2D6060008CFE1 /* headshot2.png */; };
		8E02E2F419B2D7170008CFE1 /* headshot3.png in Resources */ = {isa = PBXBuildFile; fileRef = 8E02E2F119B2D7170008CFE1 /* headshot3.png */; };
		8E02E2F519B2D7170008CFE1 /* headshot4.png in Resources */ = {isa = PBXBuildFile; fileRef = 8E02E2F219B2D7170008CFE1 /* headshot4.png */; };
		8E23CE8819AFE842007A5319 /* Foundation.framework in Frameworks */ = {isa = PBXBuildFile; fileRef = 8E23CE8719AFE842007A5319 /* Foundation.framework */; };
		8E23CE8A19AFE842007A5319 /* CoreGraphics.framework in Frameworks */ = {isa = PBXBuildFile; fileRef = 8E23CE8919AFE842007A5319 /* CoreGraphics.framework */; };
		8E23CE8C19AFE842007A5319 /* UIKit.framework in Frameworks */ = {isa = PBXBuildFile; fileRef = 8E23CE8B19AFE842007A5319 /* UIKit.framework */; };
		8E23CE9219AFE842007A5319 /* InfoPlist.strings in Resources */ = {isa = PBXBuildFile; fileRef = 8E23CE9019AFE842007A5319 /* InfoPlist.strings */; };
		8E23CE9A19AFE842007A5319 /* Images.xcassets in Resources */ = {isa = PBXBuildFile; fileRef = 8E23CE9919AFE842007A5319 /* Images.xcassets */; };
		8E23CEA119AFE842007A5319 /* XCTest.framework in Frameworks */ = {isa = PBXBuildFile; fileRef = 8E23CEA019AFE842007A5319 /* XCTest.framework */; };
		8E23CEA219AFE842007A5319 /* Foundation.framework in Frameworks */ = {isa = PBXBuildFile; fileRef = 8E23CE8719AFE842007A5319 /* Foundation.framework */; };
		8E23CEA319AFE842007A5319 /* UIKit.framework in Frameworks */ = {isa = PBXBuildFile; fileRef = 8E23CE8B19AFE842007A5319 /* UIKit.framework */; };
		8E23CEAB19AFE842007A5319 /* InfoPlist.strings in Resources */ = {isa = PBXBuildFile; fileRef = 8E23CEA919AFE842007A5319 /* InfoPlist.strings */; };
		8E23CEAD19AFE842007A5319 /* CleanTests.m in Sources */ = {isa = PBXBuildFile; fileRef = 8E23CEAC19AFE842007A5319 /* CleanTests.m */; };
		8E37254C19B6861800BA3208 /* User.m in Sources */ = {isa = PBXBuildFile; fileRef = 8E37254B19B6861800BA3208 /* User.m */; };
		8E51481E19B4D5EB002CFCD1 /* dishes.png in Resources */ = {isa = PBXBuildFile; fileRef = 8E51481C19B4D5EB002CFCD1 /* dishes.png */; };
		8E51481F19B4D5EB002CFCD1 /* laundry.png in Resources */ = {isa = PBXBuildFile; fileRef = 8E51481D19B4D5EB002CFCD1 /* laundry.png */; };
		8E51482119B4F7F8002CFCD1 /* gear.png in Resources */ = {isa = PBXBuildFile; fileRef = 8E51482019B4F7F8002CFCD1 /* gear.png */; };
		8E51482419B4F908002CFCD1 /* SettingsViewController.m in Sources */ = {isa = PBXBuildFile; fileRef = 8E51482319B4F908002CFCD1 /* SettingsViewController.m */; };
		8E51482619B4F981002CFCD1 /* cog.png in Resources */ = {isa = PBXBuildFile; fileRef = 8E51482519B4F981002CFCD1 /* cog.png */; };
		8E51482819B50235002CFCD1 /* telephone.png in Resources */ = {isa = PBXBuildFile; fileRef = 8E51482719B50234002CFCD1 /* telephone.png */; };
		8E51482A19B50311002CFCD1 /* navigate.png in Resources */ = {isa = PBXBuildFile; fileRef = 8E51482919B50311002CFCD1 /* navigate.png */; };
		8E51482E19B504F7002CFCD1 /* SetPhoneViewController.m in Sources */ = {isa = PBXBuildFile; fileRef = 8E51482D19B504F7002CFCD1 /* SetPhoneViewController.m */; };
		8E51483119B50501002CFCD1 /* SetVerifyPhoneViewController.m in Sources */ = {isa = PBXBuildFile; fileRef = 8E51483019B50501002CFCD1 /* SetVerifyPhoneViewController.m */; };
		8E51483419B5050C002CFCD1 /* SetAddressViewController.m in Sources */ = {isa = PBXBuildFile; fileRef = 8E51483319B5050C002CFCD1 /* SetAddressViewController.m */; };
		8E51483719B50514002CFCD1 /* SetPlanViewController.m in Sources */ = {isa = PBXBuildFile; fileRef = 8E51483619B50514002CFCD1 /* SetPlanViewController.m */; };
		8E51483A19B5052F002CFCD1 /* SetPayCardViewController.m in Sources */ = {isa = PBXBuildFile; fileRef = 8E51483919B5052F002CFCD1 /* SetPayCardViewController.m */; };
		8E51483C19B5073F002CFCD1 /* calendar.png in Resources */ = {isa = PBXBuildFile; fileRef = 8E51483B19B5073F002CFCD1 /* calendar.png */; };
		8E51483E19B507BF002CFCD1 /* credit-card.png in Resources */ = {isa = PBXBuildFile; fileRef = 8E51483D19B507BF002CFCD1 /* credit-card.png */; };
		8E6B889219BBE10F00E30F45 /* Visit.m in Sources */ = {isa = PBXBuildFile; fileRef = 8E6B889119BBE10F00E30F45 /* Visit.m */; };
		8E6B889519BBE12A00E30F45 /* Cleaner.m in Sources */ = {isa = PBXBuildFile; fileRef = 8E6B889419BBE12A00E30F45 /* Cleaner.m */; };
		8E6B889819BBE64F00E30F45 /* Plan.m in Sources */ = {isa = PBXBuildFile; fileRef = 8E6B889719BBE64F00E30F45 /* Plan.m */; };
		8E96B1CC19BBAB6D00DF7E9F /* RQScrollView.m in Sources */ = {isa = PBXBuildFile; fileRef = 8E96B1CB19BBAB6D00DF7E9F /* RQScrollView.m */; };
		8E96B1D319BBCA4C00DF7E9F /* ScheduleViewController.m in Sources */ = {isa = PBXBuildFile; fileRef = 8E96B1D219BBCA4C00DF7E9F /* ScheduleViewController.m */; };
		8E96B1D619BBDC5F00DF7E9F /* ParseLogic.m in Sources */ = {isa = PBXBuildFile; fileRef = 8E96B1D519BBDC5F00DF7E9F /* ParseLogic.m */; };
		8EB9A85A19AFE8AD0013849E /* GetAddressViewController.m in Sources */ = {isa = PBXBuildFile; fileRef = 8EB9A85319AFE8AD0013849E /* GetAddressViewController.m */; };
		8EB9A85B19AFE8AD0013849E /* GetPayCardViewController.m in Sources */ = {isa = PBXBuildFile; fileRef = 8EB9A85519AFE8AD0013849E /* GetPayCardViewController.m */; };
		8EB9A85C19AFE8AD0013849E /* GetPhoneNumberViewController.m in Sources */ = {isa = PBXBuildFile; fileRef = 8EB9A85719AFE8AD0013849E /* GetPhoneNumberViewController.m */; };
		8EB9A85D19AFE8AD0013849E /* IntroViewController.m in Sources */ = {isa = PBXBuildFile; fileRef = 8EB9A85919AFE8AD0013849E /* IntroViewController.m */; };
		8EB9A86319AFE8D00013849E /* RootViewController.m in Sources */ = {isa = PBXBuildFile; fileRef = 8EB9A86019AFE8D00013849E /* RootViewController.m */; };
		8EB9A86419AFE8D00013849E /* VerifyPhoneNumberViewController.m in Sources */ = {isa = PBXBuildFile; fileRef = 8EB9A86219AFE8D00013849E /* VerifyPhoneNumberViewController.m */; };
		8EB9A86819AFE8DF0013849E /* camera-old.png in Resources */ = {isa = PBXBuildFile; fileRef = 8EB9A86519AFE8DF0013849E /* camera-old.png */; };
		8EB9A86919AFE8DF0013849E /* camera.png in Resources */ = {isa = PBXBuildFile; fileRef = 8EB9A86619AFE8DF0013849E /* camera.png */; };
		8EB9A86A19AFE8DF0013849E /* location.png in Resources */ = {isa = PBXBuildFile; fileRef = 8EB9A86719AFE8DF0013849E /* location.png */; };
		8EB9A86C19AFE8F50013849E /* main.m in Sources */ = {isa = PBXBuildFile; fileRef = 8EB9A86B19AFE8F50013849E /* main.m */; };
		8EB9A86F19AFE9030013849E /* AppDelegate.m in Sources */ = {isa = PBXBuildFile; fileRef = 8EB9A86E19AFE9030013849E /* AppDelegate.m */; };
		8EB9A87119AFE9180013849E /* Podfile in Resources */ = {isa = PBXBuildFile; fileRef = 8EB9A87019AFE9180013849E /* Podfile */; };
		8EB9A87419B0E7AE0013849E /* GetPlanViewController.m in Sources */ = {isa = PBXBuildFile; fileRef = 8EB9A87319B0E7AE0013849E /* GetPlanViewController.m */; };
		8EE7A0A519B3BBF3002C0CD3 /* VCFlow.m in Sources */ = {isa = PBXBuildFile; fileRef = 8EE7A0A419B3BBF3002C0CD3 /* VCFlow.m */; };
		8EE7A0A819B4156A002C0CD3 /* PRCollectionViewCell.m in Sources */ = {isa = PBXBuildFile; fileRef = 8EE7A0A719B4156A002C0CD3 /* PRCollectionViewCell.m */; };
		8EE7A0AB19B42C61002C0CD3 /* INCollectionViewCell.m in Sources */ = {isa = PBXBuildFile; fileRef = 8EE7A0AA19B42C61002C0CD3 /* INCollectionViewCell.m */; };
		8EE7A0AD19B42E8B002C0CD3 /* arrow-right.png in Resources */ = {isa = PBXBuildFile; fileRef = 8EE7A0AC19B42E8B002C0CD3 /* arrow-right.png */; };
		8EE7A0AF19B42FAB002C0CD3 /* arrow-down.png in Resources */ = {isa = PBXBuildFile; fileRef = 8EE7A0AE19B42FAB002C0CD3 /* arrow-down.png */; };
		8EE7A0B119B4324C002C0CD3 /* arrow-left.png in Resources */ = {isa = PBXBuildFile; fileRef = 8EE7A0B019B4324C002C0CD3 /* arrow-left.png */; };
		8EE7A0B319B43365002C0CD3 /* arrow-up.png in Resources */ = {isa = PBXBuildFile; fileRef = 8EE7A0B219B43365002C0CD3 /* arrow-up.png */; };
		FA4BA2F8D8D14E50BB713358 /* libPods.a in Frameworks */ = {isa = PBXBuildFile; fileRef = A5C194B615694DD88512E74F /* libPods.a */; };
/* End PBXBuildFile section */

/* Begin PBXContainerItemProxy section */
		8E23CEA419AFE842007A5319 /* PBXContainerItemProxy */ = {
			isa = PBXContainerItemProxy;
			containerPortal = 8E23CE7C19AFE842007A5319 /* Project object */;
			proxyType = 1;
			remoteGlobalIDString = 8E23CE8319AFE842007A5319;
			remoteInfo = Clean;
		};
/* End PBXContainerItemProxy section */

/* Begin PBXFileReference section */
		8BEA0FB23BB84A43B7D3B9B3 /* Pods.xcconfig */ = {isa = PBXFileReference; includeInIndex = 1; lastKnownFileType = text.xcconfig; name = Pods.xcconfig; path = Pods/Pods.xcconfig; sourceTree = "<group>"; };
		8E02E2E619B2C4FF0008CFE1 /* SBCollectionViewCell.h */ = {isa = PBXFileReference; fileEncoding = 4; lastKnownFileType = sourcecode.c.h; path = SBCollectionViewCell.h; sourceTree = "<group>"; };
		8E02E2E719B2C4FF0008CFE1 /* SBCollectionViewCell.m */ = {isa = PBXFileReference; fileEncoding = 4; lastKnownFileType = sourcecode.c.objc; path = SBCollectionViewCell.m; sourceTree = "<group>"; };
		8E02E2E919B2D00E0008CFE1 /* original.jpg */ = {isa = PBXFileReference; lastKnownFileType = image.jpeg; path = original.jpg; sourceTree = "<group>"; };
		8E02E2EB19B2D00E0008CFE1 /* headshot1.png */ = {isa = PBXFileReference; lastKnownFileType = image.png; path = headshot1.png; sourceTree = "<group>"; };
		8E02E2EF19B2D6060008CFE1 /* headshot2.png */ = {isa = PBXFileReference; lastKnownFileType = image.png; path = headshot2.png; sourceTree = "<group>"; };
		8E02E2F119B2D7170008CFE1 /* headshot3.png */ = {isa = PBXFileReference; lastKnownFileType = image.png; path = headshot3.png; sourceTree = "<group>"; };
		8E02E2F219B2D7170008CFE1 /* headshot4.png */ = {isa = PBXFileReference; lastKnownFileType = image.png; path = headshot4.png; sourceTree = "<group>"; };
		8E23CE8419AFE842007A5319 /* Clean.app */ = {isa = PBXFileReference; explicitFileType = wrapper.application; includeInIndex = 0; path = Clean.app; sourceTree = BUILT_PRODUCTS_DIR; };
		8E23CE8719AFE842007A5319 /* Foundation.framework */ = {isa = PBXFileReference; lastKnownFileType = wrapper.framework; name = Foundation.framework; path = System/Library/Frameworks/Foundation.framework; sourceTree = SDKROOT; };
		8E23CE8919AFE842007A5319 /* CoreGraphics.framework */ = {isa = PBXFileReference; lastKnownFileType = wrapper.framework; name = CoreGraphics.framework; path = System/Library/Frameworks/CoreGraphics.framework; sourceTree = SDKROOT; };
		8E23CE8B19AFE842007A5319 /* UIKit.framework */ = {isa = PBXFileReference; lastKnownFileType = wrapper.framework; name = UIKit.framework; path = System/Library/Frameworks/UIKit.framework; sourceTree = SDKROOT; };
		8E23CE8F19AFE842007A5319 /* Clean-Info.plist */ = {isa = PBXFileReference; lastKnownFileType = text.plist.xml; path = "Clean-Info.plist"; sourceTree = "<group>"; };
		8E23CE9119AFE842007A5319 /* en */ = {isa = PBXFileReference; lastKnownFileType = text.plist.strings; name = en; path = en.lproj/InfoPlist.strings; sourceTree = "<group>"; };
		8E23CE9519AFE842007A5319 /* Clean-Prefix.pch */ = {isa = PBXFileReference; lastKnownFileType = sourcecode.c.h; path = "Clean-Prefix.pch"; sourceTree = "<group>"; };
		8E23CE9919AFE842007A5319 /* Images.xcassets */ = {isa = PBXFileReference; lastKnownFileType = folder.assetcatalog; path = Images.xcassets; sourceTree = "<group>"; };
		8E23CE9F19AFE842007A5319 /* CleanTests.xctest */ = {isa = PBXFileReference; explicitFileType = wrapper.cfbundle; includeInIndex = 0; path = CleanTests.xctest; sourceTree = BUILT_PRODUCTS_DIR; };
		8E23CEA019AFE842007A5319 /* XCTest.framework */ = {isa = PBXFileReference; lastKnownFileType = wrapper.framework; name = XCTest.framework; path = Library/Frameworks/XCTest.framework; sourceTree = DEVELOPER_DIR; };
		8E23CEA819AFE842007A5319 /* CleanTests-Info.plist */ = {isa = PBXFileReference; lastKnownFileType = text.plist.xml; path = "CleanTests-Info.plist"; sourceTree = "<group>"; };
		8E23CEAA19AFE842007A5319 /* en */ = {isa = PBXFileReference; lastKnownFileType = text.plist.strings; name = en; path = en.lproj/InfoPlist.strings; sourceTree = "<group>"; };
		8E23CEAC19AFE842007A5319 /* CleanTests.m */ = {isa = PBXFileReference; lastKnownFileType = sourcecode.c.objc; path = CleanTests.m; sourceTree = "<group>"; };
		8E37254A19B6861800BA3208 /* User.h */ = {isa = PBXFileReference; fileEncoding = 4; lastKnownFileType = sourcecode.c.h; path = User.h; sourceTree = "<group>"; };
		8E37254B19B6861800BA3208 /* User.m */ = {isa = PBXFileReference; fileEncoding = 4; lastKnownFileType = sourcecode.c.objc; path = User.m; sourceTree = "<group>"; };
		8E51481C19B4D5EB002CFCD1 /* dishes.png */ = {isa = PBXFileReference; lastKnownFileType = image.png; path = dishes.png; sourceTree = "<group>"; };
		8E51481D19B4D5EB002CFCD1 /* laundry.png */ = {isa = PBXFileReference; lastKnownFileType = image.png; path = laundry.png; sourceTree = "<group>"; };
		8E51482019B4F7F8002CFCD1 /* gear.png */ = {isa = PBXFileReference; lastKnownFileType = image.png; path = gear.png; sourceTree = "<group>"; };
		8E51482219B4F908002CFCD1 /* SettingsViewController.h */ = {isa = PBXFileReference; fileEncoding = 4; lastKnownFileType = sourcecode.c.h; path = SettingsViewController.h; sourceTree = "<group>"; };
		8E51482319B4F908002CFCD1 /* SettingsViewController.m */ = {isa = PBXFileReference; fileEncoding = 4; lastKnownFileType = sourcecode.c.objc; path = SettingsViewController.m; sourceTree = "<group>"; };
		8E51482519B4F981002CFCD1 /* cog.png */ = {isa = PBXFileReference; lastKnownFileType = image.png; path = cog.png; sourceTree = "<group>"; };
		8E51482719B50234002CFCD1 /* telephone.png */ = {isa = PBXFileReference; lastKnownFileType = image.png; path = telephone.png; sourceTree = "<group>"; };
		8E51482919B50311002CFCD1 /* navigate.png */ = {isa = PBXFileReference; lastKnownFileType = image.png; path = navigate.png; sourceTree = "<group>"; };
		8E51482C19B504F7002CFCD1 /* SetPhoneViewController.h */ = {isa = PBXFileReference; fileEncoding = 4; lastKnownFileType = sourcecode.c.h; path = SetPhoneViewController.h; sourceTree = "<group>"; };
		8E51482D19B504F7002CFCD1 /* SetPhoneViewController.m */ = {isa = PBXFileReference; fileEncoding = 4; lastKnownFileType = sourcecode.c.objc; path = SetPhoneViewController.m; sourceTree = "<group>"; };
		8E51482F19B50501002CFCD1 /* SetVerifyPhoneViewController.h */ = {isa = PBXFileReference; fileEncoding = 4; lastKnownFileType = sourcecode.c.h; path = SetVerifyPhoneViewController.h; sourceTree = "<group>"; };
		8E51483019B50501002CFCD1 /* SetVerifyPhoneViewController.m */ = {isa = PBXFileReference; fileEncoding = 4; lastKnownFileType = sourcecode.c.objc; path = SetVerifyPhoneViewController.m; sourceTree = "<group>"; };
		8E51483219B5050C002CFCD1 /* SetAddressViewController.h */ = {isa = PBXFileReference; fileEncoding = 4; lastKnownFileType = sourcecode.c.h; path = SetAddressViewController.h; sourceTree = "<group>"; };
		8E51483319B5050C002CFCD1 /* SetAddressViewController.m */ = {isa = PBXFileReference; fileEncoding = 4; lastKnownFileType = sourcecode.c.objc; path = SetAddressViewController.m; sourceTree = "<group>"; };
		8E51483519B50514002CFCD1 /* SetPlanViewController.h */ = {isa = PBXFileReference; fileEncoding = 4; lastKnownFileType = sourcecode.c.h; path = SetPlanViewController.h; sourceTree = "<group>"; };
		8E51483619B50514002CFCD1 /* SetPlanViewController.m */ = {isa = PBXFileReference; fileEncoding = 4; lastKnownFileType = sourcecode.c.objc; path = SetPlanViewController.m; sourceTree = "<group>"; };
		8E51483819B5052F002CFCD1 /* SetPayCardViewController.h */ = {isa = PBXFileReference; fileEncoding = 4; lastKnownFileType = sourcecode.c.h; path = SetPayCardViewController.h; sourceTree = "<group>"; };
		8E51483919B5052F002CFCD1 /* SetPayCardViewController.m */ = {isa = PBXFileReference; fileEncoding = 4; lastKnownFileType = sourcecode.c.objc; path = SetPayCardViewController.m; sourceTree = "<group>"; };
		8E51483B19B5073F002CFCD1 /* calendar.png */ = {isa = PBXFileReference; lastKnownFileType = image.png; path = calendar.png; sourceTree = "<group>"; };
		8E51483D19B507BF002CFCD1 /* credit-card.png */ = {isa = PBXFileReference; lastKnownFileType = image.png; path = "credit-card.png"; sourceTree = "<group>"; };
		8E6B889019BBE10F00E30F45 /* Visit.h */ = {isa = PBXFileReference; fileEncoding = 4; lastKnownFileType = sourcecode.c.h; path = Visit.h; sourceTree = "<group>"; };
		8E6B889119BBE10F00E30F45 /* Visit.m */ = {isa = PBXFileReference; fileEncoding = 4; lastKnownFileType = sourcecode.c.objc; path = Visit.m; sourceTree = "<group>"; };
		8E6B889319BBE12A00E30F45 /* Cleaner.h */ = {isa = PBXFileReference; fileEncoding = 4; lastKnownFileType = sourcecode.c.h; path = Cleaner.h; sourceTree = "<group>"; };
		8E6B889419BBE12A00E30F45 /* Cleaner.m */ = {isa = PBXFileReference; fileEncoding = 4; lastKnownFileType = sourcecode.c.objc; path = Cleaner.m; sourceTree = "<group>"; };
		8E6B889619BBE64F00E30F45 /* Plan.h */ = {isa = PBXFileReference; fileEncoding = 4; lastKnownFileType = sourcecode.c.h; path = Plan.h; sourceTree = "<group>"; };
		8E6B889719BBE64F00E30F45 /* Plan.m */ = {isa = PBXFileReference; fileEncoding = 4; lastKnownFileType = sourcecode.c.objc; path = Plan.m; sourceTree = "<group>"; };
		8E96B1CA19BBAB6D00DF7E9F /* RQScrollView.h */ = {isa = PBXFileReference; fileEncoding = 4; lastKnownFileType = sourcecode.c.h; path = RQScrollView.h; sourceTree = "<group>"; };
		8E96B1CB19BBAB6D00DF7E9F /* RQScrollView.m */ = {isa = PBXFileReference; fileEncoding = 4; lastKnownFileType = sourcecode.c.objc; path = RQScrollView.m; sourceTree = "<group>"; };
		8E96B1D119BBCA4C00DF7E9F /* ScheduleViewController.h */ = {isa = PBXFileReference; fileEncoding = 4; lastKnownFileType = sourcecode.c.h; path = ScheduleViewController.h; sourceTree = "<group>"; };
		8E96B1D219BBCA4C00DF7E9F /* ScheduleViewController.m */ = {isa = PBXFileReference; fileEncoding = 4; lastKnownFileType = sourcecode.c.objc; path = ScheduleViewController.m; sourceTree = "<group>"; };
		8E96B1D419BBDC5F00DF7E9F /* ParseLogic.h */ = {isa = PBXFileReference; fileEncoding = 4; lastKnownFileType = sourcecode.c.h; path = ParseLogic.h; sourceTree = "<group>"; };
		8E96B1D519BBDC5F00DF7E9F /* ParseLogic.m */ = {isa = PBXFileReference; fileEncoding = 4; lastKnownFileType = sourcecode.c.objc; path = ParseLogic.m; sourceTree = "<group>"; };
		8EB9A85219AFE8AD0013849E /* GetAddressViewController.h */ = {isa = PBXFileReference; fileEncoding = 4; lastKnownFileType = sourcecode.c.h; path = GetAddressViewController.h; sourceTree = "<group>"; };
		8EB9A85319AFE8AD0013849E /* GetAddressViewController.m */ = {isa = PBXFileReference; fileEncoding = 4; lastKnownFileType = sourcecode.c.objc; path = GetAddressViewController.m; sourceTree = "<group>"; };
		8EB9A85419AFE8AD0013849E /* GetPayCardViewController.h */ = {isa = PBXFileReference; fileEncoding = 4; lastKnownFileType = sourcecode.c.h; path = GetPayCardViewController.h; sourceTree = "<group>"; };
		8EB9A85519AFE8AD0013849E /* GetPayCardViewController.m */ = {isa = PBXFileReference; fileEncoding = 4; lastKnownFileType = sourcecode.c.objc; path = GetPayCardViewController.m; sourceTree = "<group>"; };
		8EB9A85619AFE8AD0013849E /* GetPhoneNumberViewController.h */ = {isa = PBXFileReference; fileEncoding = 4; lastKnownFileType = sourcecode.c.h; path = GetPhoneNumberViewController.h; sourceTree = "<group>"; };
		8EB9A85719AFE8AD0013849E /* GetPhoneNumberViewController.m */ = {isa = PBXFileReference; fileEncoding = 4; lastKnownFileType = sourcecode.c.objc; path = GetPhoneNumberViewController.m; sourceTree = "<group>"; };
		8EB9A85819AFE8AD0013849E /* IntroViewController.h */ = {isa = PBXFileReference; fileEncoding = 4; lastKnownFileType = sourcecode.c.h; path = IntroViewController.h; sourceTree = "<group>"; };
		8EB9A85919AFE8AD0013849E /* IntroViewController.m */ = {isa = PBXFileReference; fileEncoding = 4; lastKnownFileType = sourcecode.c.objc; path = IntroViewController.m; sourceTree = "<group>"; };
		8EB9A85F19AFE8D00013849E /* RootViewController.h */ = {isa = PBXFileReference; fileEncoding = 4; lastKnownFileType = sourcecode.c.h; path = RootViewController.h; sourceTree = "<group>"; };
		8EB9A86019AFE8D00013849E /* RootViewController.m */ = {isa = PBXFileReference; fileEncoding = 4; lastKnownFileType = sourcecode.c.objc; path = RootViewController.m; sourceTree = "<group>"; };
		8EB9A86119AFE8D00013849E /* VerifyPhoneNumberViewController.h */ = {isa = PBXFileReference; fileEncoding = 4; lastKnownFileType = sourcecode.c.h; path = VerifyPhoneNumberViewController.h; sourceTree = "<group>"; };
		8EB9A86219AFE8D00013849E /* VerifyPhoneNumberViewController.m */ = {isa = PBXFileReference; fileEncoding = 4; lastKnownFileType = sourcecode.c.objc; path = VerifyPhoneNumberViewController.m; sourceTree = "<group>"; };
		8EB9A86519AFE8DF0013849E /* camera-old.png */ = {isa = PBXFileReference; lastKnownFileType = image.png; path = "camera-old.png"; sourceTree = "<group>"; };
		8EB9A86619AFE8DF0013849E /* camera.png */ = {isa = PBXFileReference; lastKnownFileType = image.png; path = camera.png; sourceTree = "<group>"; };
		8EB9A86719AFE8DF0013849E /* location.png */ = {isa = PBXFileReference; lastKnownFileType = image.png; path = location.png; sourceTree = "<group>"; };
		8EB9A86B19AFE8F50013849E /* main.m */ = {isa = PBXFileReference; fileEncoding = 4; lastKnownFileType = sourcecode.c.objc; path = main.m; sourceTree = "<group>"; };
		8EB9A86D19AFE9030013849E /* AppDelegate.h */ = {isa = PBXFileReference; fileEncoding = 4; lastKnownFileType = sourcecode.c.h; path = AppDelegate.h; sourceTree = "<group>"; };
		8EB9A86E19AFE9030013849E /* AppDelegate.m */ = {isa = PBXFileReference; fileEncoding = 4; lastKnownFileType = sourcecode.c.objc; path = AppDelegate.m; sourceTree = "<group>"; };
		8EB9A87019AFE9180013849E /* Podfile */ = {isa = PBXFileReference; fileEncoding = 4; lastKnownFileType = text; name = Podfile; path = ../Podfile; sourceTree = "<group>"; xcLanguageSpecificationIdentifier = xcode.lang.ruby; };
		8EB9A87219B0E7AE0013849E /* GetPlanViewController.h */ = {isa = PBXFileReference; fileEncoding = 4; lastKnownFileType = sourcecode.c.h; path = GetPlanViewController.h; sourceTree = "<group>"; };
		8EB9A87319B0E7AE0013849E /* GetPlanViewController.m */ = {isa = PBXFileReference; fileEncoding = 4; lastKnownFileType = sourcecode.c.objc; path = GetPlanViewController.m; sourceTree = "<group>"; };
		8EE7A0A319B3BBF3002C0CD3 /* VCFlow.h */ = {isa = PBXFileReference; fileEncoding = 4; lastKnownFileType = sourcecode.c.h; path = VCFlow.h; sourceTree = "<group>"; };
		8EE7A0A419B3BBF3002C0CD3 /* VCFlow.m */ = {isa = PBXFileReference; fileEncoding = 4; lastKnownFileType = sourcecode.c.objc; path = VCFlow.m; sourceTree = "<group>"; };
		8EE7A0A619B4156A002C0CD3 /* PRCollectionViewCell.h */ = {isa = PBXFileReference; fileEncoding = 4; lastKnownFileType = sourcecode.c.h; path = PRCollectionViewCell.h; sourceTree = "<group>"; };
		8EE7A0A719B4156A002C0CD3 /* PRCollectionViewCell.m */ = {isa = PBXFileReference; fileEncoding = 4; lastKnownFileType = sourcecode.c.objc; path = PRCollectionViewCell.m; sourceTree = "<group>"; };
		8EE7A0A919B42C61002C0CD3 /* INCollectionViewCell.h */ = {isa = PBXFileReference; fileEncoding = 4; lastKnownFileType = sourcecode.c.h; path = INCollectionViewCell.h; sourceTree = "<group>"; };
		8EE7A0AA19B42C61002C0CD3 /* INCollectionViewCell.m */ = {isa = PBXFileReference; fileEncoding = 4; lastKnownFileType = sourcecode.c.objc; path = INCollectionViewCell.m; sourceTree = "<group>"; };
		8EE7A0AC19B42E8B002C0CD3 /* arrow-right.png */ = {isa = PBXFileReference; lastKnownFileType = image.png; path = "arrow-right.png"; sourceTree = "<group>"; };
		8EE7A0AE19B42FAB002C0CD3 /* arrow-down.png */ = {isa = PBXFileReference; lastKnownFileType = image.png; path = "arrow-down.png"; sourceTree = "<group>"; };
		8EE7A0B019B4324C002C0CD3 /* arrow-left.png */ = {isa = PBXFileReference; lastKnownFileType = image.png; path = "arrow-left.png"; sourceTree = "<group>"; };
		8EE7A0B219B43365002C0CD3 /* arrow-up.png */ = {isa = PBXFileReference; lastKnownFileType = image.png; path = "arrow-up.png"; sourceTree = "<group>"; };
		A5C194B615694DD88512E74F /* libPods.a */ = {isa = PBXFileReference; explicitFileType = archive.ar; includeInIndex = 0; path = libPods.a; sourceTree = BUILT_PRODUCTS_DIR; };
/* End PBXFileReference section */

/* Begin PBXFrameworksBuildPhase section */
		8E23CE8119AFE842007A5319 /* Frameworks */ = {
			isa = PBXFrameworksBuildPhase;
			buildActionMask = 2147483647;
			files = (
				8E23CE8A19AFE842007A5319 /* CoreGraphics.framework in Frameworks */,
				8E23CE8C19AFE842007A5319 /* UIKit.framework in Frameworks */,
				8E23CE8819AFE842007A5319 /* Foundation.framework in Frameworks */,
				FA4BA2F8D8D14E50BB713358 /* libPods.a in Frameworks */,
			);
			runOnlyForDeploymentPostprocessing = 0;
		};
		8E23CE9C19AFE842007A5319 /* Frameworks */ = {
			isa = PBXFrameworksBuildPhase;
			buildActionMask = 2147483647;
			files = (
				8E23CEA119AFE842007A5319 /* XCTest.framework in Frameworks */,
				8E23CEA319AFE842007A5319 /* UIKit.framework in Frameworks */,
				8E23CEA219AFE842007A5319 /* Foundation.framework in Frameworks */,
			);
			runOnlyForDeploymentPostprocessing = 0;
		};
/* End PBXFrameworksBuildPhase section */

/* Begin PBXGroup section */
		8E07DB5D19B1473C00C5058F /* Assets */ = {
			isa = PBXGroup;
			children = (
				8E51482719B50234002CFCD1 /* telephone.png */,
				8E51482919B50311002CFCD1 /* navigate.png */,
				8E51483B19B5073F002CFCD1 /* calendar.png */,
				8E51483D19B507BF002CFCD1 /* credit-card.png */,
				8EB9A86519AFE8DF0013849E /* camera-old.png */,
				8EB9A86619AFE8DF0013849E /* camera.png */,
				8EB9A86719AFE8DF0013849E /* location.png */,
				8E02E2E919B2D00E0008CFE1 /* original.jpg */,
				8E02E2EB19B2D00E0008CFE1 /* headshot1.png */,
				8E02E2EF19B2D6060008CFE1 /* headshot2.png */,
				8E02E2F119B2D7170008CFE1 /* headshot3.png */,
				8E02E2F219B2D7170008CFE1 /* headshot4.png */,
				8EE7A0AC19B42E8B002C0CD3 /* arrow-right.png */,
				8EE7A0B019B4324C002C0CD3 /* arrow-left.png */,
				8EE7A0AE19B42FAB002C0CD3 /* arrow-down.png */,
				8EE7A0B219B43365002C0CD3 /* arrow-up.png */,
				8E51481C19B4D5EB002CFCD1 /* dishes.png */,
				8E51481D19B4D5EB002CFCD1 /* laundry.png */,
				8E51482519B4F981002CFCD1 /* cog.png */,
				8E51482019B4F7F8002CFCD1 /* gear.png */,
			);
			name = Assets;
			sourceTree = "<group>";
		};
		8E23CE7B19AFE842007A5319 = {
			isa = PBXGroup;
			children = (
				8E23CE8D19AFE842007A5319 /* Clean */,
				8E23CEA619AFE842007A5319 /* CleanTests */,
				8E23CE8619AFE842007A5319 /* Frameworks */,
				8E23CE8519AFE842007A5319 /* Products */,
				8BEA0FB23BB84A43B7D3B9B3 /* Pods.xcconfig */,
			);
			sourceTree = "<group>";
		};
		8E23CE8519AFE842007A5319 /* Products */ = {
			isa = PBXGroup;
			children = (
				8E23CE8419AFE842007A5319 /* Clean.app */,
				8E23CE9F19AFE842007A5319 /* CleanTests.xctest */,
			);
			name = Products;
			sourceTree = "<group>";
		};
		8E23CE8619AFE842007A5319 /* Frameworks */ = {
			isa = PBXGroup;
			children = (
				8E23CE8719AFE842007A5319 /* Foundation.framework */,
				8E23CE8919AFE842007A5319 /* CoreGraphics.framework */,
				8E23CE8B19AFE842007A5319 /* UIKit.framework */,
				8E23CEA019AFE842007A5319 /* XCTest.framework */,
				A5C194B615694DD88512E74F /* libPods.a */,
			);
			name = Frameworks;
			sourceTree = "<group>";
		};
		8E23CE8D19AFE842007A5319 /* Clean */ = {
			isa = PBXGroup;
			children = (
				8EB9A86D19AFE9030013849E /* AppDelegate.h */,
				8EB9A86E19AFE9030013849E /* AppDelegate.m */,
				8EE7A0A319B3BBF3002C0CD3 /* VCFlow.h */,
				8EE7A0A419B3BBF3002C0CD3 /* VCFlow.m */,
				8E96B1D419BBDC5F00DF7E9F /* ParseLogic.h */,
				8E96B1D519BBDC5F00DF7E9F /* ParseLogic.m */,
				8E6B888F19BBE0F900E30F45 /* Modals */,
				8EBCC0EF19B4CED7004F367E /* Home */,
				8E96B1CD19BBCA1E00DF7E9F /* Schedule */,
				8E51482B19B50353002CFCD1 /* Settings */,
				8EB9A85E19AFE8B30013849E /* Onboard */,
				8E07DB5D19B1473C00C5058F /* Assets */,
				8EB9A87019AFE9180013849E /* Podfile */,
				8E23CE9919AFE842007A5319 /* Images.xcassets */,
				8E23CE8E19AFE842007A5319 /* Supporting Files */,
			);
			path = Clean;
			sourceTree = "<group>";
		};
		8E23CE8E19AFE842007A5319 /* Supporting Files */ = {
			isa = PBXGroup;
			children = (
				8E23CE8F19AFE842007A5319 /* Clean-Info.plist */,
				8E23CE9019AFE842007A5319 /* InfoPlist.strings */,
				8EB9A86B19AFE8F50013849E /* main.m */,
				8E23CE9519AFE842007A5319 /* Clean-Prefix.pch */,
			);
			name = "Supporting Files";
			sourceTree = "<group>";
		};
		8E23CEA619AFE842007A5319 /* CleanTests */ = {
			isa = PBXGroup;
			children = (
				8E23CEAC19AFE842007A5319 /* CleanTests.m */,
				8E23CEA719AFE842007A5319 /* Supporting Files */,
			);
			path = CleanTests;
			sourceTree = "<group>";
		};
		8E23CEA719AFE842007A5319 /* Supporting Files */ = {
			isa = PBXGroup;
			children = (
				8E23CEA819AFE842007A5319 /* CleanTests-Info.plist */,
				8E23CEA919AFE842007A5319 /* InfoPlist.strings */,
			);
			name = "Supporting Files";
			sourceTree = "<group>";
		};
		8E51482B19B50353002CFCD1 /* Settings */ = {
			isa = PBXGroup;
			children = (
				8E51482219B4F908002CFCD1 /* SettingsViewController.h */,
				8E51482319B4F908002CFCD1 /* SettingsViewController.m */,
				8E51482C19B504F7002CFCD1 /* SetPhoneViewController.h */,
				8E51482D19B504F7002CFCD1 /* SetPhoneViewController.m */,
				8E51482F19B50501002CFCD1 /* SetVerifyPhoneViewController.h */,
				8E51483019B50501002CFCD1 /* SetVerifyPhoneViewController.m */,
				8E51483219B5050C002CFCD1 /* SetAddressViewController.h */,
				8E51483319B5050C002CFCD1 /* SetAddressViewController.m */,
				8E51483819B5052F002CFCD1 /* SetPayCardViewController.h */,
				8E51483919B5052F002CFCD1 /* SetPayCardViewController.m */,
				8E51483519B50514002CFCD1 /* SetPlanViewController.h */,
				8E51483619B50514002CFCD1 /* SetPlanViewController.m */,
			);
			name = Settings;
			sourceTree = "<group>";
		};
		8E6B888F19BBE0F900E30F45 /* Modals */ = {
			isa = PBXGroup;
			children = (
				8E37254A19B6861800BA3208 /* User.h */,
				8E37254B19B6861800BA3208 /* User.m */,
				8E6B889019BBE10F00E30F45 /* Visit.h */,
				8E6B889119BBE10F00E30F45 /* Visit.m */,
				8E6B889319BBE12A00E30F45 /* Cleaner.h */,
				8E6B889419BBE12A00E30F45 /* Cleaner.m */,
				8E6B889619BBE64F00E30F45 /* Plan.h */,
				8E6B889719BBE64F00E30F45 /* Plan.m */,
			);
			name = Modals;
			sourceTree = "<group>";
		};
		8E96B1CD19BBCA1E00DF7E9F /* Schedule */ = {
			isa = PBXGroup;
			children = (
				8E96B1D119BBCA4C00DF7E9F /* ScheduleViewController.h */,
				8E96B1D219BBCA4C00DF7E9F /* ScheduleViewController.m */,
				8E96B1CA19BBAB6D00DF7E9F /* RQScrollView.h */,
				8E96B1CB19BBAB6D00DF7E9F /* RQScrollView.m */,
			);
			name = Schedule;
			sourceTree = "<group>";
		};
		8EB9A85E19AFE8B30013849E /* Onboard */ = {
			isa = PBXGroup;
			children = (
				8EB9A85819AFE8AD0013849E /* IntroViewController.h */,
				8EB9A85919AFE8AD0013849E /* IntroViewController.m */,
				8EE7A0A919B42C61002C0CD3 /* INCollectionViewCell.h */,
				8EE7A0AA19B42C61002C0CD3 /* INCollectionViewCell.m */,
				8EB9A85619AFE8AD0013849E /* GetPhoneNumberViewController.h */,
				8EB9A85719AFE8AD0013849E /* GetPhoneNumberViewController.m */,
				8EB9A86119AFE8D00013849E /* VerifyPhoneNumberViewController.h */,
				8EB9A86219AFE8D00013849E /* VerifyPhoneNumberViewController.m */,
				8EB9A85219AFE8AD0013849E /* GetAddressViewController.h */,
				8EB9A85319AFE8AD0013849E /* GetAddressViewController.m */,
				8EB9A85419AFE8AD0013849E /* GetPayCardViewController.h */,
				8EB9A85519AFE8AD0013849E /* GetPayCardViewController.m */,
				8EB9A87219B0E7AE0013849E /* GetPlanViewController.h */,
				8EB9A87319B0E7AE0013849E /* GetPlanViewController.m */,
				8EE7A0A619B4156A002C0CD3 /* PRCollectionViewCell.h */,
				8EE7A0A719B4156A002C0CD3 /* PRCollectionViewCell.m */,
			);
			name = Onboard;
			sourceTree = "<group>";
		};
		8EBCC0EF19B4CED7004F367E /* Home */ = {
			isa = PBXGroup;
			children = (
				8EB9A85F19AFE8D00013849E /* RootViewController.h */,
				8EB9A86019AFE8D00013849E /* RootViewController.m */,
				8E02E2E619B2C4FF0008CFE1 /* SBCollectionViewCell.h */,
				8E02E2E719B2C4FF0008CFE1 /* SBCollectionViewCell.m */,
			);
			name = Home;
			sourceTree = "<group>";
		};
/* End PBXGroup section */

/* Begin PBXNativeTarget section */
		8E23CE8319AFE842007A5319 /* Clean */ = {
			isa = PBXNativeTarget;
			buildConfigurationList = 8E23CEB019AFE842007A5319 /* Build configuration list for PBXNativeTarget "Clean" */;
			buildPhases = (
				5C6E8A0F6F7F4136BE3EFCD0 /* Check Pods Manifest.lock */,
				8E23CE8019AFE842007A5319 /* Sources */,
				8E23CE8119AFE842007A5319 /* Frameworks */,
				8E23CE8219AFE842007A5319 /* Resources */,
				2A69DB2D5FA04402AA504703 /* Copy Pods Resources */,
			);
			buildRules = (
			);
			dependencies = (
			);
			name = Clean;
			productName = Clean;
			productReference = 8E23CE8419AFE842007A5319 /* Clean.app */;
			productType = "com.apple.product-type.application";
		};
		8E23CE9E19AFE842007A5319 /* CleanTests */ = {
			isa = PBXNativeTarget;
			buildConfigurationList = 8E23CEB319AFE842007A5319 /* Build configuration list for PBXNativeTarget "CleanTests" */;
			buildPhases = (
				8E23CE9B19AFE842007A5319 /* Sources */,
				8E23CE9C19AFE842007A5319 /* Frameworks */,
				8E23CE9D19AFE842007A5319 /* Resources */,
			);
			buildRules = (
			);
			dependencies = (
				8E23CEA519AFE842007A5319 /* PBXTargetDependency */,
			);
			name = CleanTests;
			productName = CleanTests;
			productReference = 8E23CE9F19AFE842007A5319 /* CleanTests.xctest */;
			productType = "com.apple.product-type.bundle.unit-test";
		};
/* End PBXNativeTarget section */

/* Begin PBXProject section */
		8E23CE7C19AFE842007A5319 /* Project object */ = {
			isa = PBXProject;
			attributes = {
				LastUpgradeCheck = 0510;
				ORGANIZATIONNAME = SapanBhuta;
				TargetAttributes = {
					8E23CE9E19AFE842007A5319 = {
						TestTargetID = 8E23CE8319AFE842007A5319;
					};
				};
			};
			buildConfigurationList = 8E23CE7F19AFE842007A5319 /* Build configuration list for PBXProject "Clean" */;
			compatibilityVersion = "Xcode 3.2";
			developmentRegion = English;
			hasScannedForEncodings = 0;
			knownRegions = (
				en,
			);
			mainGroup = 8E23CE7B19AFE842007A5319;
			productRefGroup = 8E23CE8519AFE842007A5319 /* Products */;
			projectDirPath = "";
			projectRoot = "";
			targets = (
				8E23CE8319AFE842007A5319 /* Clean */,
				8E23CE9E19AFE842007A5319 /* CleanTests */,
			);
		};
/* End PBXProject section */

/* Begin PBXResourcesBuildPhase section */
		8E23CE8219AFE842007A5319 /* Resources */ = {
			isa = PBXResourcesBuildPhase;
			buildActionMask = 2147483647;
			files = (
				8EB9A87119AFE9180013849E /* Podfile in Resources */,
				8E51483C19B5073F002CFCD1 /* calendar.png in Resources */,
				8EE7A0AF19B42FAB002C0CD3 /* arrow-down.png in Resources */,
				8E51483E19B507BF002CFCD1 /* credit-card.png in Resources */,
				8EB9A86819AFE8DF0013849E /* camera-old.png in Resources */,
				8E02E2F519B2D7170008CFE1 /* headshot4.png in Resources */,
				8EE7A0B319B43365002C0CD3 /* arrow-up.png in Resources */,
				8E02E2EC19B2D00E0008CFE1 /* original.jpg in Resources */,
				8EE7A0AD19B42E8B002C0CD3 /* arrow-right.png in Resources */,
				8E02E2EE19B2D00E0008CFE1 /* headshot1.png in Resources */,
				8E23CE9219AFE842007A5319 /* InfoPlist.strings in Resources */,
				8EE7A0B119B4324C002C0CD3 /* arrow-left.png in Resources */,
				8E51482619B4F981002CFCD1 /* cog.png in Resources */,
				8EB9A86A19AFE8DF0013849E /* location.png in Resources */,
				8EB9A86919AFE8DF0013849E /* camera.png in Resources */,
				8E51481F19B4D5EB002CFCD1 /* laundry.png in Resources */,
				8E51482119B4F7F8002CFCD1 /* gear.png in Resources */,
				8E51482A19B50311002CFCD1 /* navigate.png in Resources */,
				8E23CE9A19AFE842007A5319 /* Images.xcassets in Resources */,
				8E02E2F019B2D6060008CFE1 /* headshot2.png in Resources */,
				8E51482819B50235002CFCD1 /* telephone.png in Resources */,
				8E51481E19B4D5EB002CFCD1 /* dishes.png in Resources */,
				8E02E2F419B2D7170008CFE1 /* headshot3.png in Resources */,
			);
			runOnlyForDeploymentPostprocessing = 0;
		};
		8E23CE9D19AFE842007A5319 /* Resources */ = {
			isa = PBXResourcesBuildPhase;
			buildActionMask = 2147483647;
			files = (
				8E23CEAB19AFE842007A5319 /* InfoPlist.strings in Resources */,
			);
			runOnlyForDeploymentPostprocessing = 0;
		};
/* End PBXResourcesBuildPhase section */

/* Begin PBXShellScriptBuildPhase section */
		2A69DB2D5FA04402AA504703 /* Copy Pods Resources */ = {
			isa = PBXShellScriptBuildPhase;
			buildActionMask = 2147483647;
			files = (
			);
			inputPaths = (
			);
			name = "Copy Pods Resources";
			outputPaths = (
			);
			runOnlyForDeploymentPostprocessing = 0;
			shellPath = /bin/sh;
			shellScript = "\"${SRCROOT}/Pods/Pods-resources.sh\"\n";
			showEnvVarsInLog = 0;
		};
		5C6E8A0F6F7F4136BE3EFCD0 /* Check Pods Manifest.lock */ = {
			isa = PBXShellScriptBuildPhase;
			buildActionMask = 2147483647;
			files = (
			);
			inputPaths = (
			);
			name = "Check Pods Manifest.lock";
			outputPaths = (
			);
			runOnlyForDeploymentPostprocessing = 0;
			shellPath = /bin/sh;
			shellScript = "diff \"${PODS_ROOT}/../Podfile.lock\" \"${PODS_ROOT}/Manifest.lock\" > /dev/null\nif [[ $? != 0 ]] ; then\n    cat << EOM\nerror: The sandbox is not in sync with the Podfile.lock. Run 'pod install' or update your CocoaPods installation.\nEOM\n    exit 1\nfi\n";
			showEnvVarsInLog = 0;
		};
/* End PBXShellScriptBuildPhase section */

/* Begin PBXSourcesBuildPhase section */
		8E23CE8019AFE842007A5319 /* Sources */ = {
			isa = PBXSourcesBuildPhase;
			buildActionMask = 2147483647;
			files = (
				8E6B889819BBE64F00E30F45 /* Plan.m in Sources */,
				8E6B889519BBE12A00E30F45 /* Cleaner.m in Sources */,
				8E96B1D619BBDC5F00DF7E9F /* ParseLogic.m in Sources */,
				8E37254C19B6861800BA3208 /* User.m in Sources */,
				8E96B1D319BBCA4C00DF7E9F /* ScheduleViewController.m in Sources */,
				8E51483719B50514002CFCD1 /* SetPlanViewController.m in Sources */,
				8EE7A0A519B3BBF3002C0CD3 /* VCFlow.m in Sources */,
				8EB9A85B19AFE8AD0013849E /* GetPayCardViewController.m in Sources */,
				8E02E2E819B2C4FF0008CFE1 /* SBCollectionViewCell.m in Sources */,
				8E51483419B5050C002CFCD1 /* SetAddressViewController.m in Sources */,
				8E51483A19B5052F002CFCD1 /* SetPayCardViewController.m in Sources */,
				8E6B889219BBE10F00E30F45 /* Visit.m in Sources */,
				8E51483119B50501002CFCD1 /* SetVerifyPhoneViewController.m in Sources */,
				8E96B1CC19BBAB6D00DF7E9F /* RQScrollView.m in Sources */,
				8EB9A87419B0E7AE0013849E /* GetPlanViewController.m in Sources */,
				8EE7A0AB19B42C61002C0CD3 /* INCollectionViewCell.m in Sources */,
				8EB9A86419AFE8D00013849E /* VerifyPhoneNumberViewController.m in Sources */,
				8E51482E19B504F7002CFCD1 /* SetPhoneViewController.m in Sources */,
				8EB9A86319AFE8D00013849E /* RootViewController.m in Sources */,
				8EE7A0A819B4156A002C0CD3 /* PRCollectionViewCell.m in Sources */,
				8EB9A85D19AFE8AD0013849E /* IntroViewController.m in Sources */,
				8EB9A86F19AFE9030013849E /* AppDelegate.m in Sources */,
				8EB9A85A19AFE8AD0013849E /* GetAddressViewController.m in Sources */,
				8EB9A86C19AFE8F50013849E /* main.m in Sources */,
				8EB9A85C19AFE8AD0013849E /* GetPhoneNumberViewController.m in Sources */,
				8E51482419B4F908002CFCD1 /* SettingsViewController.m in Sources */,
			);
			runOnlyForDeploymentPostprocessing = 0;
		};
		8E23CE9B19AFE842007A5319 /* Sources */ = {
			isa = PBXSourcesBuildPhase;
			buildActionMask = 2147483647;
			files = (
				8E23CEAD19AFE842007A5319 /* CleanTests.m in Sources */,
			);
			runOnlyForDeploymentPostprocessing = 0;
		};
/* End PBXSourcesBuildPhase section */

/* Begin PBXTargetDependency section */
		8E23CEA519AFE842007A5319 /* PBXTargetDependency */ = {
			isa = PBXTargetDependency;
			target = 8E23CE8319AFE842007A5319 /* Clean */;
			targetProxy = 8E23CEA419AFE842007A5319 /* PBXContainerItemProxy */;
		};
/* End PBXTargetDependency section */

/* Begin PBXVariantGroup section */
		8E23CE9019AFE842007A5319 /* InfoPlist.strings */ = {
			isa = PBXVariantGroup;
			children = (
				8E23CE9119AFE842007A5319 /* en */,
			);
			name = InfoPlist.strings;
			sourceTree = "<group>";
		};
		8E23CEA919AFE842007A5319 /* InfoPlist.strings */ = {
			isa = PBXVariantGroup;
			children = (
				8E23CEAA19AFE842007A5319 /* en */,
			);
			name = InfoPlist.strings;
			sourceTree = "<group>";
		};
/* End PBXVariantGroup section */

/* Begin XCBuildConfiguration section */
		8E23CEAE19AFE842007A5319 /* Debug */ = {
			isa = XCBuildConfiguration;
			buildSettings = {
				ALWAYS_SEARCH_USER_PATHS = NO;
				CLANG_CXX_LANGUAGE_STANDARD = "gnu++0x";
				CLANG_CXX_LIBRARY = "libc++";
				CLANG_ENABLE_MODULES = YES;
				CLANG_ENABLE_OBJC_ARC = YES;
				CLANG_WARN_BOOL_CONVERSION = YES;
				CLANG_WARN_CONSTANT_CONVERSION = YES;
				CLANG_WARN_DIRECT_OBJC_ISA_USAGE = YES_ERROR;
				CLANG_WARN_EMPTY_BODY = YES;
				CLANG_WARN_ENUM_CONVERSION = YES;
				CLANG_WARN_INT_CONVERSION = YES;
				CLANG_WARN_OBJC_ROOT_CLASS = YES_ERROR;
				CLANG_WARN__DUPLICATE_METHOD_MATCH = YES;
				"CODE_SIGN_IDENTITY[sdk=iphoneos*]" = "iPhone Developer";
				COPY_PHASE_STRIP = NO;
				GCC_C_LANGUAGE_STANDARD = gnu99;
				GCC_DYNAMIC_NO_PIC = NO;
				GCC_OPTIMIZATION_LEVEL = 0;
				GCC_PREPROCESSOR_DEFINITIONS = (
					"DEBUG=1",
					"$(inherited)",
				);
				GCC_SYMBOLS_PRIVATE_EXTERN = NO;
				GCC_WARN_64_TO_32_BIT_CONVERSION = YES;
				GCC_WARN_ABOUT_RETURN_TYPE = YES_ERROR;
				GCC_WARN_UNDECLARED_SELECTOR = YES;
				GCC_WARN_UNINITIALIZED_AUTOS = YES_AGGRESSIVE;
				GCC_WARN_UNUSED_FUNCTION = YES;
				GCC_WARN_UNUSED_VARIABLE = YES;
				IPHONEOS_DEPLOYMENT_TARGET = 7.1;
				ONLY_ACTIVE_ARCH = YES;
				SDKROOT = iphoneos;
			};
			name = Debug;
		};
		8E23CEAF19AFE842007A5319 /* Release */ = {
			isa = XCBuildConfiguration;
			buildSettings = {
				ALWAYS_SEARCH_USER_PATHS = NO;
				CLANG_CXX_LANGUAGE_STANDARD = "gnu++0x";
				CLANG_CXX_LIBRARY = "libc++";
				CLANG_ENABLE_MODULES = YES;
				CLANG_ENABLE_OBJC_ARC = YES;
				CLANG_WARN_BOOL_CONVERSION = YES;
				CLANG_WARN_CONSTANT_CONVERSION = YES;
				CLANG_WARN_DIRECT_OBJC_ISA_USAGE = YES_ERROR;
				CLANG_WARN_EMPTY_BODY = YES;
				CLANG_WARN_ENUM_CONVERSION = YES;
				CLANG_WARN_INT_CONVERSION = YES;
				CLANG_WARN_OBJC_ROOT_CLASS = YES_ERROR;
				CLANG_WARN__DUPLICATE_METHOD_MATCH = YES;
				"CODE_SIGN_IDENTITY[sdk=iphoneos*]" = "iPhone Developer";
				COPY_PHASE_STRIP = YES;
				ENABLE_NS_ASSERTIONS = NO;
				GCC_C_LANGUAGE_STANDARD = gnu99;
				GCC_WARN_64_TO_32_BIT_CONVERSION = YES;
				GCC_WARN_ABOUT_RETURN_TYPE = YES_ERROR;
				GCC_WARN_UNDECLARED_SELECTOR = YES;
				GCC_WARN_UNINITIALIZED_AUTOS = YES_AGGRESSIVE;
				GCC_WARN_UNUSED_FUNCTION = YES;
				GCC_WARN_UNUSED_VARIABLE = YES;
				IPHONEOS_DEPLOYMENT_TARGET = 7.1;
				SDKROOT = iphoneos;
				VALIDATE_PRODUCT = YES;
			};
			name = Release;
		};
		8E23CEB119AFE842007A5319 /* Debug */ = {
			isa = XCBuildConfiguration;
			baseConfigurationReference = 8BEA0FB23BB84A43B7D3B9B3 /* Pods.xcconfig */;
			buildSettings = {
				ASSETCATALOG_COMPILER_APPICON_NAME = AppIcon;
				ASSETCATALOG_COMPILER_LAUNCHIMAGE_NAME = LaunchImage;
				GCC_PRECOMPILE_PREFIX_HEADER = YES;
				GCC_PREFIX_HEADER = "Clean/Clean-Prefix.pch";
				INFOPLIST_FILE = "Clean/Clean-Info.plist";
				PRODUCT_NAME = "$(TARGET_NAME)";
				WRAPPER_EXTENSION = app;
			};
			name = Debug;
		};
		8E23CEB219AFE842007A5319 /* Release */ = {
			isa = XCBuildConfiguration;
			baseConfigurationReference = 8BEA0FB23BB84A43B7D3B9B3 /* Pods.xcconfig */;
			buildSettings = {
				ASSETCATALOG_COMPILER_APPICON_NAME = AppIcon;
				ASSETCATALOG_COMPILER_LAUNCHIMAGE_NAME = LaunchImage;
				GCC_PRECOMPILE_PREFIX_HEADER = YES;
				GCC_PREFIX_HEADER = "Clean/Clean-Prefix.pch";
				INFOPLIST_FILE = "Clean/Clean-Info.plist";
				PRODUCT_NAME = "$(TARGET_NAME)";
				WRAPPER_EXTENSION = app;
			};
			name = Release;
		};
		8E23CEB419AFE842007A5319 /* Debug */ = {
			isa = XCBuildConfiguration;
			buildSettings = {
				BUNDLE_LOADER = "$(BUILT_PRODUCTS_DIR)/Clean.app/Clean";
				FRAMEWORK_SEARCH_PATHS = (
					"$(SDKROOT)/Developer/Library/Frameworks",
					"$(inherited)",
					"$(DEVELOPER_FRAMEWORKS_DIR)",
				);
				GCC_PRECOMPILE_PREFIX_HEADER = YES;
				GCC_PREFIX_HEADER = "Clean/Clean-Prefix.pch";
				GCC_PREPROCESSOR_DEFINITIONS = (
					"DEBUG=1",
					"$(inherited)",
				);
				INFOPLIST_FILE = "CleanTests/CleanTests-Info.plist";
				PRODUCT_NAME = "$(TARGET_NAME)";
				TEST_HOST = "$(BUNDLE_LOADER)";
				WRAPPER_EXTENSION = xctest;
			};
			name = Debug;
		};
		8E23CEB519AFE842007A5319 /* Release */ = {
			isa = XCBuildConfiguration;
			buildSettings = {
				BUNDLE_LOADER = "$(BUILT_PRODUCTS_DIR)/Clean.app/Clean";
				FRAMEWORK_SEARCH_PATHS = (
					"$(SDKROOT)/Developer/Library/Frameworks",
					"$(inherited)",
					"$(DEVELOPER_FRAMEWORKS_DIR)",
				);
				GCC_PRECOMPILE_PREFIX_HEADER = YES;
				GCC_PREFIX_HEADER = "Clean/Clean-Prefix.pch";
				INFOPLIST_FILE = "CleanTests/CleanTests-Info.plist";
				PRODUCT_NAME = "$(TARGET_NAME)";
				TEST_HOST = "$(BUNDLE_LOADER)";
				WRAPPER_EXTENSION = xctest;
			};
			name = Release;
		};
/* End XCBuildConfiguration section */

/* Begin XCConfigurationList section */
		8E23CE7F19AFE842007A5319 /* Build configuration list for PBXProject "Clean" */ = {
			isa = XCConfigurationList;
			buildConfigurations = (
				8E23CEAE19AFE842007A5319 /* Debug */,
				8E23CEAF19AFE842007A5319 /* Release */,
			);
			defaultConfigurationIsVisible = 0;
			defaultConfigurationName = Release;
		};
		8E23CEB019AFE842007A5319 /* Build configuration list for PBXNativeTarget "Clean" */ = {
			isa = XCConfigurationList;
			buildConfigurations = (
				8E23CEB119AFE842007A5319 /* Debug */,
				8E23CEB219AFE842007A5319 /* Release */,
			);
			defaultConfigurationIsVisible = 0;
			defaultConfigurationName = Release;
		};
		8E23CEB319AFE842007A5319 /* Build configuration list for PBXNativeTarget "CleanTests" */ = {
			isa = XCConfigurationList;
			buildConfigurations = (
				8E23CEB419AFE842007A5319 /* Debug */,
				8E23CEB519AFE842007A5319 /* Release */,
			);
			defaultConfigurationIsVisible = 0;
			defaultConfigurationName = Release;
		};
/* End XCConfigurationList section */
	};
	rootObject = 8E23CE7C19AFE842007A5319 /* Project object */;
}
